// !$*UTF8*$!
{
	archiveVersion = 1;
	classes = {
	};
	objectVersion = 51;
	objects = {

/* Begin PBXBuildFile section */
		0617552F26A86AD30051B18D /* Main.storyboard in Resources */ = {isa = PBXBuildFile; fileRef = 0617552E26A86AD30051B18D /* Main.storyboard */; };
		0617554C26AA42AD0051B18D /* FormDecodable.swift in Sources */ = {isa = PBXBuildFile; fileRef = 0617554B26AA42AC0051B18D /* FormDecodable.swift */; };
		0617556526AC36B40051B18D /* FormCollectionViewCell.swift in Sources */ = {isa = PBXBuildFile; fileRef = 0617556326AC36B30051B18D /* FormCollectionViewCell.swift */; };
		0617556626AC36B40051B18D /* FormCollectionViewCell.xib in Resources */ = {isa = PBXBuildFile; fileRef = 0617556426AC36B40051B18D /* FormCollectionViewCell.xib */; };
		0617556926AC36BD0051B18D /* FormPickerViewController.swift in Sources */ = {isa = PBXBuildFile; fileRef = 0617556826AC36BD0051B18D /* FormPickerViewController.swift */; };
		0617556D26AC43370051B18D /* FormFieldsViewController.swift in Sources */ = {isa = PBXBuildFile; fileRef = 0617556C26AC43370051B18D /* FormFieldsViewController.swift */; };
		0617557026AD01440051B18D /* WhatsAppShare.swift in Sources */ = {isa = PBXBuildFile; fileRef = 0617556F26AD01440051B18D /* WhatsAppShare.swift */; };
		0617557526ADCF8F0051B18D /* loantemplate.json in Resources */ = {isa = PBXBuildFile; fileRef = 0617557426ADCF8F0051B18D /* loantemplate.json */; };
		0617557F26AE1F860051B18D /* FormDesign.swift in Sources */ = {isa = PBXBuildFile; fileRef = 0617557E26AE1F860051B18D /* FormDesign.swift */; };
		0617558226AE1FE70051B18D /* FormUIComponents.swift in Sources */ = {isa = PBXBuildFile; fileRef = 0617558126AE1FE70051B18D /* FormUIComponents.swift */; };
		0617558726AE23D30051B18D /* FormElegantDesign.swift in Sources */ = {isa = PBXBuildFile; fileRef = 0617558626AE23D30051B18D /* FormElegantDesign.swift */; };
		0617558C26AE2D5B0051B18D /* FormLightDesign.swift in Sources */ = {isa = PBXBuildFile; fileRef = 0617558B26AE2D5B0051B18D /* FormLightDesign.swift */; };
		0617559226AE2F2A0051B18D /* FormProudDesign.swift in Sources */ = {isa = PBXBuildFile; fileRef = 0617559126AE2F2A0051B18D /* FormProudDesign.swift */; };
		0617559F26B1DFE80051B18D /* SplashScreenViewController.swift in Sources */ = {isa = PBXBuildFile; fileRef = 0617559E26B1DFE80051B18D /* SplashScreenViewController.swift */; };
		061755AB26B282210051B18D /* CoreDataManager.swift in Sources */ = {isa = PBXBuildFile; fileRef = 061755AA26B282210051B18D /* CoreDataManager.swift */; };
		061755BC26B49B270051B18D /* ProfileViewController.swift in Sources */ = {isa = PBXBuildFile; fileRef = 061755BB26B49B270051B18D /* ProfileViewController.swift */; };
		061755BF26B590510051B18D /* TabBarController.swift in Sources */ = {isa = PBXBuildFile; fileRef = 061755BE26B590500051B18D /* TabBarController.swift */; };
		061755C626B743490051B18D /* form101template.json in Resources */ = {isa = PBXBuildFile; fileRef = 061755C526B743490051B18D /* form101template.json */; };
		06785FA126A374B500E565E2 /* AppDelegate.swift in Sources */ = {isa = PBXBuildFile; fileRef = 06785FA026A374B500E565E2 /* AppDelegate.swift */; };
		06785FA326A374B500E565E2 /* SceneDelegate.swift in Sources */ = {isa = PBXBuildFile; fileRef = 06785FA226A374B500E565E2 /* SceneDelegate.swift */; };
		06785FAD26A374B900E565E2 /* Assets.xcassets in Resources */ = {isa = PBXBuildFile; fileRef = 06785FAC26A374B900E565E2 /* Assets.xcassets */; };
		06785FB026A374B900E565E2 /* LaunchScreen.storyboard in Resources */ = {isa = PBXBuildFile; fileRef = 06785FAE26A374B900E565E2 /* LaunchScreen.storyboard */; };
		06785FBF26A377E900E565E2 /* Networking.swift in Sources */ = {isa = PBXBuildFile; fileRef = 06785FBE26A377E900E565E2 /* Networking.swift */; };
		06785FC826A3A08F00E565E2 /* FormView.swift in Sources */ = {isa = PBXBuildFile; fileRef = 06785FC726A3A08F00E565E2 /* FormView.swift */; };
		06785FD226A3ADC300E565E2 /* Extensions.swift in Sources */ = {isa = PBXBuildFile; fileRef = 06785FD126A3ADC300E565E2 /* Extensions.swift */; };
		06785FD826A3B58500E565E2 /* Form.swift in Sources */ = {isa = PBXBuildFile; fileRef = 06785FD726A3B58500E565E2 /* Form.swift */; };
		06785FE126A3FD2B00E565E2 /* CheckBox.swift in Sources */ = {isa = PBXBuildFile; fileRef = 06785FE026A3FD2B00E565E2 /* CheckBox.swift */; };
		06785FE426A3FE3400E565E2 /* UIUtils.swift in Sources */ = {isa = PBXBuildFile; fileRef = 06785FE326A3FE3400E565E2 /* UIUtils.swift */; };
		06CB066D26A4673F005DFD49 /* FormFieldsHolder.swift in Sources */ = {isa = PBXBuildFile; fileRef = 06CB066C26A4673F005DFD49 /* FormFieldsHolder.swift */; };
		06CB068D26A47E06005DFD49 /* Strings.swift in Sources */ = {isa = PBXBuildFile; fileRef = 06CB068C26A47E06005DFD49 /* Strings.swift */; };
		06CB069126A480FB005DFD49 /* Enums.swift in Sources */ = {isa = PBXBuildFile; fileRef = 06CB069026A480FB005DFD49 /* Enums.swift */; };
		6E94A24D14A759F4AB9623CC /* Pods_AnyForm.framework in Frameworks */ = {isa = PBXBuildFile; fileRef = FA6A6FD14081D317631F6AD6 /* Pods_AnyForm.framework */; };
		D2146ECC26DAC89A00645275 /* FormMenu.swift in Sources */ = {isa = PBXBuildFile; fileRef = D2146ECB26DAC89A00645275 /* FormMenu.swift */; };
		D235C93C26D41995002F459A /* AnyForm.xcdatamodeld in Sources */ = {isa = PBXBuildFile; fileRef = D235C93A26D41995002F459A /* AnyForm.xcdatamodeld */; };
		D2424F4E26DE07D50089A2E1 /* SignatureController.swift in Sources */ = {isa = PBXBuildFile; fileRef = D2424F4D26DE07D50089A2E1 /* SignatureController.swift */; };
		D245779426BB430C00C7FED8 /* AnyFormHelper.swift in Sources */ = {isa = PBXBuildFile; fileRef = D245779326BB430C00C7FED8 /* AnyFormHelper.swift */; };
		D269FF4C26D6D4A9004973DF /* Tube.swift in Sources */ = {isa = PBXBuildFile; fileRef = D269FF4A26D6D4A9004973DF /* Tube.swift */; };
		D269FF4D26D6D4A9004973DF /* Tube.xib in Resources */ = {isa = PBXBuildFile; fileRef = D269FF4B26D6D4A9004973DF /* Tube.xib */; };
		D2B5F9DD26E0F60B0031D700 /* Array+Extensions.swift in Sources */ = {isa = PBXBuildFile; fileRef = D2B5F98E26E0F60B0031D700 /* Array+Extensions.swift */; };
		D2B5F9DE26E0F60B0031D700 /* UISegmentedControl+Extensions.swift in Sources */ = {isa = PBXBuildFile; fileRef = D2B5F98F26E0F60B0031D700 /* UISegmentedControl+Extensions.swift */; };
		D2B5F9DF26E0F60B0031D700 /* UIImageView+Extensions.swift in Sources */ = {isa = PBXBuildFile; fileRef = D2B5F99026E0F60B0031D700 /* UIImageView+Extensions.swift */; };
		D2B5F9E026E0F60B0031D700 /* UIViewController+Extensions.swift in Sources */ = {isa = PBXBuildFile; fileRef = D2B5F99126E0F60B0031D700 /* UIViewController+Extensions.swift */; };
		D2B5F9E126E0F60B0031D700 /* UIView+Extensions.swift in Sources */ = {isa = PBXBuildFile; fileRef = D2B5F99226E0F60B0031D700 /* UIView+Extensions.swift */; };
		D2B5F9E226E0F60B0031D700 /* Date+Extension.swift in Sources */ = {isa = PBXBuildFile; fileRef = D2B5F99326E0F60B0031D700 /* Date+Extension.swift */; };
		D2B5F9E326E0F60B0031D700 /* String+Extensions.swift in Sources */ = {isa = PBXBuildFile; fileRef = D2B5F99426E0F60B0031D700 /* String+Extensions.swift */; };
		D2B5F9E426E0F60B0031D700 /* UITextView+Extensions.swift in Sources */ = {isa = PBXBuildFile; fileRef = D2B5F99526E0F60B0031D700 /* UITextView+Extensions.swift */; };
		D2B5F9E526E0F60B0031D700 /* UIColor+Extensions.swift in Sources */ = {isa = PBXBuildFile; fileRef = D2B5F99626E0F60B0031D700 /* UIColor+Extensions.swift */; };
		D2B5F9E626E0F60B0031D700 /* UIImage+Extensions.swift in Sources */ = {isa = PBXBuildFile; fileRef = D2B5F99726E0F60B0031D700 /* UIImage+Extensions.swift */; };
		D2B5F9E726E0F60B0031D700 /* UISearchBar+Extensions.swift in Sources */ = {isa = PBXBuildFile; fileRef = D2B5F99826E0F60B0031D700 /* UISearchBar+Extensions.swift */; };
		D2B5F9E826E0F60B0031D700 /* UIApplication+Extensions.swift in Sources */ = {isa = PBXBuildFile; fileRef = D2B5F99926E0F60B0031D700 /* UIApplication+Extensions.swift */; };
		D2B5F9E926E0F60B0031D700 /* UIAlertController+Extensions.swift in Sources */ = {isa = PBXBuildFile; fileRef = D2B5F99A26E0F60B0031D700 /* UIAlertController+Extensions.swift */; };
		D2B5F9EA26E0F60B0031D700 /* Optional+Extensions.swift in Sources */ = {isa = PBXBuildFile; fileRef = D2B5F99B26E0F60B0031D700 /* Optional+Extensions.swift */; };
		D2B5F9EB26E0F60B0031D700 /* Common+Extensions.swift in Sources */ = {isa = PBXBuildFile; fileRef = D2B5F99C26E0F60B0031D700 /* Common+Extensions.swift */; };
		D2B5F9EC26E0F60B0031D700 /* Locale+Extensions.swift in Sources */ = {isa = PBXBuildFile; fileRef = D2B5F99D26E0F60B0031D700 /* Locale+Extensions.swift */; };
		D2B5F9ED26E0F60B0031D700 /* UITextField+Extensions.swift in Sources */ = {isa = PBXBuildFile; fileRef = D2B5F99E26E0F60B0031D700 /* UITextField+Extensions.swift */; };
		D2B5F9EE26E0F60B0031D700 /* AttributedTextBlock.swift in Sources */ = {isa = PBXBuildFile; fileRef = D2B5F9A126E0F60B0031D700 /* AttributedTextBlock.swift */; };
		D2B5F9EF26E0F60B0031D700 /* TextViewController.swift in Sources */ = {isa = PBXBuildFile; fileRef = D2B5F9A226E0F60B0031D700 /* TextViewController.swift */; };
		D2B5F9F026E0F60B0031D700 /* Countries.bundle in Resources */ = {isa = PBXBuildFile; fileRef = D2B5F9A526E0F60B0031D700 /* Countries.bundle */; };
		D2B5F9F126E0F60B0031D700 /* LocaleStore.swift in Sources */ = {isa = PBXBuildFile; fileRef = D2B5F9A726E0F60B0031D700 /* LocaleStore.swift */; };
		D2B5F9F226E0F60B0031D700 /* LocaleInfo.swift in Sources */ = {isa = PBXBuildFile; fileRef = D2B5F9A926E0F60B0031D700 /* LocaleInfo.swift */; };
		D2B5F9F326E0F60B0031D700 /* LocalePickerViewController.swift in Sources */ = {isa = PBXBuildFile; fileRef = D2B5F9AA26E0F60B0031D700 /* LocalePickerViewController.swift */; };
		D2B5F9F426E0F60B0031D700 /* PhoneCodeCell.swift in Sources */ = {isa = PBXBuildFile; fileRef = D2B5F9AC26E0F60B0031D700 /* PhoneCodeCell.swift */; };
		D2B5F9F526E0F60B0031D700 /* CurrencyCell.swift in Sources */ = {isa = PBXBuildFile; fileRef = D2B5F9AD26E0F60B0031D700 /* CurrencyCell.swift */; };
		D2B5F9F626E0F60B0031D700 /* CountryCell.swift in Sources */ = {isa = PBXBuildFile; fileRef = D2B5F9AE26E0F60B0031D700 /* CountryCell.swift */; };
		D2B5F9F726E0F60B0031D700 /* TwoTextFieldsViewController.swift in Sources */ = {isa = PBXBuildFile; fileRef = D2B5F9B026E0F60B0031D700 /* TwoTextFieldsViewController.swift */; };
		D2B5F9F826E0F60B0031D700 /* OneTextFieldViewController.swift in Sources */ = {isa = PBXBuildFile; fileRef = D2B5F9B126E0F60B0031D700 /* OneTextFieldViewController.swift */; };
		D2B5F9F926E0F60B0031D700 /* Assets.swift in Sources */ = {isa = PBXBuildFile; fileRef = D2B5F9B426E0F60B0031D700 /* Assets.swift */; };
		D2B5F9FA26E0F60B0031D700 /* PhotoLibraryPickerViewController.swift in Sources */ = {isa = PBXBuildFile; fileRef = D2B5F9B526E0F60B0031D700 /* PhotoLibraryPickerViewController.swift */; };
		D2B5F9FB26E0F60B0031D700 /* LocationSearchResultsViewController.swift in Sources */ = {isa = PBXBuildFile; fileRef = D2B5F9B726E0F60B0031D700 /* LocationSearchResultsViewController.swift */; };
		D2B5F9FC26E0F60B0031D700 /* LocationPickerViewController.swift in Sources */ = {isa = PBXBuildFile; fileRef = D2B5F9B826E0F60B0031D700 /* LocationPickerViewController.swift */; };
		D2B5F9FD26E0F60B0031D700 /* SearchHistoryManager.swift in Sources */ = {isa = PBXBuildFile; fileRef = D2B5F9BA26E0F60B0031D700 /* SearchHistoryManager.swift */; };
		D2B5F9FE26E0F60B0031D700 /* Location.swift in Sources */ = {isa = PBXBuildFile; fileRef = D2B5F9BC26E0F60B0031D700 /* Location.swift */; };
		D2B5F9FF26E0F60B0031D700 /* Address.swift in Sources */ = {isa = PBXBuildFile; fileRef = D2B5F9BD26E0F60B0031D700 /* Address.swift */; };
		D2B5FA0026E0F60B0031D700 /* PickerViewViewController.swift in Sources */ = {isa = PBXBuildFile; fileRef = D2B5F9BF26E0F60B0031D700 /* PickerViewViewController.swift */; };
		D2B5FA0126E0F60B0031D700 /* ContactsPickerViewController.swift in Sources */ = {isa = PBXBuildFile; fileRef = D2B5F9C126E0F60B0031D700 /* ContactsPickerViewController.swift */; };
		D2B5FA0226E0F60B0031D700 /* Contacts.swift in Sources */ = {isa = PBXBuildFile; fileRef = D2B5F9C326E0F60B0031D700 /* Contacts.swift */; };
		D2B5FA0326E0F60B0031D700 /* Contact.swift in Sources */ = {isa = PBXBuildFile; fileRef = D2B5F9C526E0F60B0031D700 /* Contact.swift */; };
		D2B5FA0426E0F60B0031D700 /* ContactCell.swift in Sources */ = {isa = PBXBuildFile; fileRef = D2B5F9C726E0F60B0031D700 /* ContactCell.swift */; };
		D2B5FA0526E0F60B0031D700 /* ColorPickerViewController.swift in Sources */ = {isa = PBXBuildFile; fileRef = D2B5F9C926E0F60B0031D700 /* ColorPickerViewController.swift */; };
		D2B5FA0626E0F60B0031D700 /* DatePickerViewController.swift in Sources */ = {isa = PBXBuildFile; fileRef = D2B5F9CB26E0F60B0031D700 /* DatePickerViewController.swift */; };
		D2B5FA0726E0F60B0031D700 /* ImagePickerViewController.swift in Sources */ = {isa = PBXBuildFile; fileRef = D2B5F9CD26E0F60B0031D700 /* ImagePickerViewController.swift */; };
		D2B5FA0826E0F60B0031D700 /* ItemWithImage.swift in Sources */ = {isa = PBXBuildFile; fileRef = D2B5F9CF26E0F60B0031D700 /* ItemWithImage.swift */; };
		D2B5FA0926E0F60B0031D700 /* PhotoLayout.swift in Sources */ = {isa = PBXBuildFile; fileRef = D2B5F9D226E0F60B0031D700 /* PhotoLayout.swift */; };
		D2B5FA0A26E0F60B0031D700 /* TelegramPickerViewController.swift in Sources */ = {isa = PBXBuildFile; fileRef = D2B5F9D326E0F60B0031D700 /* TelegramPickerViewController.swift */; };
		D2B5FA0B26E0F60B0031D700 /* ItemWithPhoto.swift in Sources */ = {isa = PBXBuildFile; fileRef = D2B5F9D526E0F60B0031D700 /* ItemWithPhoto.swift */; };
		D2B5FA0C26E0F60B0031D700 /* LikeButtonCell.swift in Sources */ = {isa = PBXBuildFile; fileRef = D2B5F9D626E0F60B0031D700 /* LikeButtonCell.swift */; };
		D2B5FA0D26E0F60B0031D700 /* Label.swift in Sources */ = {isa = PBXBuildFile; fileRef = D2B5F9D826E0F60B0031D700 /* Label.swift */; };
		D2B5FA0E26E0F60B0031D700 /* SegmentedControl.swift in Sources */ = {isa = PBXBuildFile; fileRef = D2B5F9D926E0F60B0031D700 /* SegmentedControl.swift */; };
		D2B5FA0F26E0F60B0031D700 /* GradientSlider.swift in Sources */ = {isa = PBXBuildFile; fileRef = D2B5F9DA26E0F60B0031D700 /* GradientSlider.swift */; };
		D2B5FA1026E0F60B0031D700 /* TextField.swift in Sources */ = {isa = PBXBuildFile; fileRef = D2B5F9DB26E0F60B0031D700 /* TextField.swift */; };
		D2B5FA1126E0F60B0031D700 /* Button.swift in Sources */ = {isa = PBXBuildFile; fileRef = D2B5F9DC26E0F60B0031D700 /* Button.swift */; };
		D2B5FA1626E0F7730031D700 /* UserData+CoreDataClass.swift in Sources */ = {isa = PBXBuildFile; fileRef = D2B5FA1226E0F7730031D700 /* UserData+CoreDataClass.swift */; };
		D2B5FA1726E0F7730031D700 /* AnyFormUser+CoreDataClass.swift in Sources */ = {isa = PBXBuildFile; fileRef = D2B5FA1326E0F7730031D700 /* AnyFormUser+CoreDataClass.swift */; };
		D2B5FA1826E0F7730031D700 /* AnyFormUser+CoreDataProperties.swift in Sources */ = {isa = PBXBuildFile; fileRef = D2B5FA1426E0F7730031D700 /* AnyFormUser+CoreDataProperties.swift */; };
		D2B5FA1926E0F7730031D700 /* UserData+CoreDataProperties.swift in Sources */ = {isa = PBXBuildFile; fileRef = D2B5FA1526E0F7730031D700 /* UserData+CoreDataProperties.swift */; };
/* End PBXBuildFile section */

/* Begin PBXFileReference section */
		0617552E26A86AD30051B18D /* Main.storyboard */ = {isa = PBXFileReference; fileEncoding = 4; lastKnownFileType = file.storyboard; path = Main.storyboard; sourceTree = "<group>"; };
		0617554B26AA42AC0051B18D /* FormDecodable.swift */ = {isa = PBXFileReference; lastKnownFileType = sourcecode.swift; path = FormDecodable.swift; sourceTree = "<group>"; };
		0617556326AC36B30051B18D /* FormCollectionViewCell.swift */ = {isa = PBXFileReference; fileEncoding = 4; lastKnownFileType = sourcecode.swift; path = FormCollectionViewCell.swift; sourceTree = "<group>"; };
		0617556426AC36B40051B18D /* FormCollectionViewCell.xib */ = {isa = PBXFileReference; fileEncoding = 4; lastKnownFileType = file.xib; path = FormCollectionViewCell.xib; sourceTree = "<group>"; };
		0617556826AC36BD0051B18D /* FormPickerViewController.swift */ = {isa = PBXFileReference; fileEncoding = 4; lastKnownFileType = sourcecode.swift; path = FormPickerViewController.swift; sourceTree = "<group>"; };
		0617556C26AC43370051B18D /* FormFieldsViewController.swift */ = {isa = PBXFileReference; lastKnownFileType = sourcecode.swift; path = FormFieldsViewController.swift; sourceTree = "<group>"; };
		0617556F26AD01440051B18D /* WhatsAppShare.swift */ = {isa = PBXFileReference; lastKnownFileType = sourcecode.swift; path = WhatsAppShare.swift; sourceTree = "<group>"; };
		0617557226AD04390051B18D /* AnyForm.entitlements */ = {isa = PBXFileReference; lastKnownFileType = text.plist.entitlements; path = AnyForm.entitlements; sourceTree = "<group>"; };
		0617557426ADCF8F0051B18D /* loantemplate.json */ = {isa = PBXFileReference; lastKnownFileType = text.json; path = loantemplate.json; sourceTree = "<group>"; };
		0617557E26AE1F860051B18D /* FormDesign.swift */ = {isa = PBXFileReference; lastKnownFileType = sourcecode.swift; path = FormDesign.swift; sourceTree = "<group>"; };
		0617558126AE1FE70051B18D /* FormUIComponents.swift */ = {isa = PBXFileReference; lastKnownFileType = sourcecode.swift; path = FormUIComponents.swift; sourceTree = "<group>"; };
		0617558626AE23D30051B18D /* FormElegantDesign.swift */ = {isa = PBXFileReference; lastKnownFileType = sourcecode.swift; path = FormElegantDesign.swift; sourceTree = "<group>"; };
		0617558B26AE2D5B0051B18D /* FormLightDesign.swift */ = {isa = PBXFileReference; lastKnownFileType = sourcecode.swift; path = FormLightDesign.swift; sourceTree = "<group>"; };
		0617559126AE2F2A0051B18D /* FormProudDesign.swift */ = {isa = PBXFileReference; lastKnownFileType = sourcecode.swift; path = FormProudDesign.swift; sourceTree = "<group>"; };
		0617559E26B1DFE80051B18D /* SplashScreenViewController.swift */ = {isa = PBXFileReference; lastKnownFileType = sourcecode.swift; path = SplashScreenViewController.swift; sourceTree = "<group>"; };
		061755AA26B282210051B18D /* CoreDataManager.swift */ = {isa = PBXFileReference; lastKnownFileType = sourcecode.swift; path = CoreDataManager.swift; sourceTree = "<group>"; };
		061755BB26B49B270051B18D /* ProfileViewController.swift */ = {isa = PBXFileReference; lastKnownFileType = sourcecode.swift; path = ProfileViewController.swift; sourceTree = "<group>"; };
		061755BE26B590500051B18D /* TabBarController.swift */ = {isa = PBXFileReference; lastKnownFileType = sourcecode.swift; path = TabBarController.swift; sourceTree = "<group>"; };
		061755C526B743490051B18D /* form101template.json */ = {isa = PBXFileReference; fileEncoding = 4; lastKnownFileType = text.json; path = form101template.json; sourceTree = "<group>"; };
		06785F9D26A374B500E565E2 /* AnyForm.app */ = {isa = PBXFileReference; explicitFileType = wrapper.application; includeInIndex = 0; path = AnyForm.app; sourceTree = BUILT_PRODUCTS_DIR; };
		06785FA026A374B500E565E2 /* AppDelegate.swift */ = {isa = PBXFileReference; lastKnownFileType = sourcecode.swift; path = AppDelegate.swift; sourceTree = "<group>"; };
		06785FA226A374B500E565E2 /* SceneDelegate.swift */ = {isa = PBXFileReference; lastKnownFileType = sourcecode.swift; path = SceneDelegate.swift; sourceTree = "<group>"; };
		06785FAC26A374B900E565E2 /* Assets.xcassets */ = {isa = PBXFileReference; lastKnownFileType = folder.assetcatalog; path = Assets.xcassets; sourceTree = "<group>"; };
		06785FAF26A374B900E565E2 /* Base */ = {isa = PBXFileReference; lastKnownFileType = file.storyboard; name = Base; path = Base.lproj/LaunchScreen.storyboard; sourceTree = "<group>"; };
		06785FB126A374B900E565E2 /* Info.plist */ = {isa = PBXFileReference; lastKnownFileType = text.plist.xml; path = Info.plist; sourceTree = "<group>"; };
		06785FBE26A377E900E565E2 /* Networking.swift */ = {isa = PBXFileReference; lastKnownFileType = sourcecode.swift; path = Networking.swift; sourceTree = "<group>"; };
		06785FC726A3A08F00E565E2 /* FormView.swift */ = {isa = PBXFileReference; lastKnownFileType = sourcecode.swift; path = FormView.swift; sourceTree = "<group>"; };
		06785FD126A3ADC300E565E2 /* Extensions.swift */ = {isa = PBXFileReference; lastKnownFileType = sourcecode.swift; path = Extensions.swift; sourceTree = "<group>"; };
		06785FD726A3B58500E565E2 /* Form.swift */ = {isa = PBXFileReference; lastKnownFileType = sourcecode.swift; path = Form.swift; sourceTree = "<group>"; };
		06785FE026A3FD2B00E565E2 /* CheckBox.swift */ = {isa = PBXFileReference; lastKnownFileType = sourcecode.swift; path = CheckBox.swift; sourceTree = "<group>"; };
		06785FE326A3FE3400E565E2 /* UIUtils.swift */ = {isa = PBXFileReference; lastKnownFileType = sourcecode.swift; path = UIUtils.swift; sourceTree = "<group>"; };
		06CB066C26A4673F005DFD49 /* FormFieldsHolder.swift */ = {isa = PBXFileReference; lastKnownFileType = sourcecode.swift; path = FormFieldsHolder.swift; sourceTree = "<group>"; };
		06CB068C26A47E06005DFD49 /* Strings.swift */ = {isa = PBXFileReference; lastKnownFileType = sourcecode.swift; path = Strings.swift; sourceTree = "<group>"; };
		06CB069026A480FB005DFD49 /* Enums.swift */ = {isa = PBXFileReference; lastKnownFileType = sourcecode.swift; path = Enums.swift; sourceTree = "<group>"; };
		C757CB9D303CCAB83547AF27 /* Pods-AnyForm.debug.xcconfig */ = {isa = PBXFileReference; includeInIndex = 1; lastKnownFileType = text.xcconfig; name = "Pods-AnyForm.debug.xcconfig"; path = "Target Support Files/Pods-AnyForm/Pods-AnyForm.debug.xcconfig"; sourceTree = "<group>"; };
		D2146ECB26DAC89A00645275 /* FormMenu.swift */ = {isa = PBXFileReference; lastKnownFileType = sourcecode.swift; path = FormMenu.swift; sourceTree = "<group>"; };
		D235C93B26D41995002F459A /* AnyForm.xcdatamodel */ = {isa = PBXFileReference; lastKnownFileType = wrapper.xcdatamodel; path = AnyForm.xcdatamodel; sourceTree = "<group>"; };
		D2424F4D26DE07D50089A2E1 /* SignatureController.swift */ = {isa = PBXFileReference; lastKnownFileType = sourcecode.swift; path = SignatureController.swift; sourceTree = "<group>"; };
		D245779326BB430C00C7FED8 /* AnyFormHelper.swift */ = {isa = PBXFileReference; lastKnownFileType = sourcecode.swift; path = AnyFormHelper.swift; sourceTree = "<group>"; };
		D269FF4A26D6D4A9004973DF /* Tube.swift */ = {isa = PBXFileReference; lastKnownFileType = sourcecode.swift; path = Tube.swift; sourceTree = "<group>"; };
		D269FF4B26D6D4A9004973DF /* Tube.xib */ = {isa = PBXFileReference; lastKnownFileType = file.xib; path = Tube.xib; sourceTree = "<group>"; };
		D2B5F98E26E0F60B0031D700 /* Array+Extensions.swift */ = {isa = PBXFileReference; fileEncoding = 4; lastKnownFileType = sourcecode.swift; path = "Array+Extensions.swift"; sourceTree = "<group>"; };
		D2B5F98F26E0F60B0031D700 /* UISegmentedControl+Extensions.swift */ = {isa = PBXFileReference; fileEncoding = 4; lastKnownFileType = sourcecode.swift; path = "UISegmentedControl+Extensions.swift"; sourceTree = "<group>"; };
		D2B5F99026E0F60B0031D700 /* UIImageView+Extensions.swift */ = {isa = PBXFileReference; fileEncoding = 4; lastKnownFileType = sourcecode.swift; path = "UIImageView+Extensions.swift"; sourceTree = "<group>"; };
		D2B5F99126E0F60B0031D700 /* UIViewController+Extensions.swift */ = {isa = PBXFileReference; fileEncoding = 4; lastKnownFileType = sourcecode.swift; path = "UIViewController+Extensions.swift"; sourceTree = "<group>"; };
		D2B5F99226E0F60B0031D700 /* UIView+Extensions.swift */ = {isa = PBXFileReference; fileEncoding = 4; lastKnownFileType = sourcecode.swift; path = "UIView+Extensions.swift"; sourceTree = "<group>"; };
		D2B5F99326E0F60B0031D700 /* Date+Extension.swift */ = {isa = PBXFileReference; fileEncoding = 4; lastKnownFileType = sourcecode.swift; path = "Date+Extension.swift"; sourceTree = "<group>"; };
		D2B5F99426E0F60B0031D700 /* String+Extensions.swift */ = {isa = PBXFileReference; fileEncoding = 4; lastKnownFileType = sourcecode.swift; path = "String+Extensions.swift"; sourceTree = "<group>"; };
		D2B5F99526E0F60B0031D700 /* UITextView+Extensions.swift */ = {isa = PBXFileReference; fileEncoding = 4; lastKnownFileType = sourcecode.swift; path = "UITextView+Extensions.swift"; sourceTree = "<group>"; };
		D2B5F99626E0F60B0031D700 /* UIColor+Extensions.swift */ = {isa = PBXFileReference; fileEncoding = 4; lastKnownFileType = sourcecode.swift; path = "UIColor+Extensions.swift"; sourceTree = "<group>"; };
		D2B5F99726E0F60B0031D700 /* UIImage+Extensions.swift */ = {isa = PBXFileReference; fileEncoding = 4; lastKnownFileType = sourcecode.swift; path = "UIImage+Extensions.swift"; sourceTree = "<group>"; };
		D2B5F99826E0F60B0031D700 /* UISearchBar+Extensions.swift */ = {isa = PBXFileReference; fileEncoding = 4; lastKnownFileType = sourcecode.swift; path = "UISearchBar+Extensions.swift"; sourceTree = "<group>"; };
		D2B5F99926E0F60B0031D700 /* UIApplication+Extensions.swift */ = {isa = PBXFileReference; fileEncoding = 4; lastKnownFileType = sourcecode.swift; path = "UIApplication+Extensions.swift"; sourceTree = "<group>"; };
		D2B5F99A26E0F60B0031D700 /* UIAlertController+Extensions.swift */ = {isa = PBXFileReference; fileEncoding = 4; lastKnownFileType = sourcecode.swift; path = "UIAlertController+Extensions.swift"; sourceTree = "<group>"; };
		D2B5F99B26E0F60B0031D700 /* Optional+Extensions.swift */ = {isa = PBXFileReference; fileEncoding = 4; lastKnownFileType = sourcecode.swift; path = "Optional+Extensions.swift"; sourceTree = "<group>"; };
		D2B5F99C26E0F60B0031D700 /* Common+Extensions.swift */ = {isa = PBXFileReference; fileEncoding = 4; lastKnownFileType = sourcecode.swift; path = "Common+Extensions.swift"; sourceTree = "<group>"; };
		D2B5F99D26E0F60B0031D700 /* Locale+Extensions.swift */ = {isa = PBXFileReference; fileEncoding = 4; lastKnownFileType = sourcecode.swift; path = "Locale+Extensions.swift"; sourceTree = "<group>"; };
		D2B5F99E26E0F60B0031D700 /* UITextField+Extensions.swift */ = {isa = PBXFileReference; fileEncoding = 4; lastKnownFileType = sourcecode.swift; path = "UITextField+Extensions.swift"; sourceTree = "<group>"; };
		D2B5F9A126E0F60B0031D700 /* AttributedTextBlock.swift */ = {isa = PBXFileReference; fileEncoding = 4; lastKnownFileType = sourcecode.swift; path = AttributedTextBlock.swift; sourceTree = "<group>"; };
		D2B5F9A226E0F60B0031D700 /* TextViewController.swift */ = {isa = PBXFileReference; fileEncoding = 4; lastKnownFileType = sourcecode.swift; path = TextViewController.swift; sourceTree = "<group>"; };
		D2B5F9A526E0F60B0031D700 /* Countries.bundle */ = {isa = PBXFileReference; lastKnownFileType = "wrapper.plug-in"; path = Countries.bundle; sourceTree = "<group>"; };
		D2B5F9A726E0F60B0031D700 /* LocaleStore.swift */ = {isa = PBXFileReference; fileEncoding = 4; lastKnownFileType = sourcecode.swift; path = LocaleStore.swift; sourceTree = "<group>"; };
		D2B5F9A926E0F60B0031D700 /* LocaleInfo.swift */ = {isa = PBXFileReference; fileEncoding = 4; lastKnownFileType = sourcecode.swift; path = LocaleInfo.swift; sourceTree = "<group>"; };
		D2B5F9AA26E0F60B0031D700 /* LocalePickerViewController.swift */ = {isa = PBXFileReference; fileEncoding = 4; lastKnownFileType = sourcecode.swift; path = LocalePickerViewController.swift; sourceTree = "<group>"; };
		D2B5F9AC26E0F60B0031D700 /* PhoneCodeCell.swift */ = {isa = PBXFileReference; fileEncoding = 4; lastKnownFileType = sourcecode.swift; path = PhoneCodeCell.swift; sourceTree = "<group>"; };
		D2B5F9AD26E0F60B0031D700 /* CurrencyCell.swift */ = {isa = PBXFileReference; fileEncoding = 4; lastKnownFileType = sourcecode.swift; path = CurrencyCell.swift; sourceTree = "<group>"; };
		D2B5F9AE26E0F60B0031D700 /* CountryCell.swift */ = {isa = PBXFileReference; fileEncoding = 4; lastKnownFileType = sourcecode.swift; path = CountryCell.swift; sourceTree = "<group>"; };
		D2B5F9B026E0F60B0031D700 /* TwoTextFieldsViewController.swift */ = {isa = PBXFileReference; fileEncoding = 4; lastKnownFileType = sourcecode.swift; path = TwoTextFieldsViewController.swift; sourceTree = "<group>"; };
		D2B5F9B126E0F60B0031D700 /* OneTextFieldViewController.swift */ = {isa = PBXFileReference; fileEncoding = 4; lastKnownFileType = sourcecode.swift; path = OneTextFieldViewController.swift; sourceTree = "<group>"; };
		D2B5F9B426E0F60B0031D700 /* Assets.swift */ = {isa = PBXFileReference; fileEncoding = 4; lastKnownFileType = sourcecode.swift; path = Assets.swift; sourceTree = "<group>"; };
		D2B5F9B526E0F60B0031D700 /* PhotoLibraryPickerViewController.swift */ = {isa = PBXFileReference; fileEncoding = 4; lastKnownFileType = sourcecode.swift; path = PhotoLibraryPickerViewController.swift; sourceTree = "<group>"; };
		D2B5F9B726E0F60B0031D700 /* LocationSearchResultsViewController.swift */ = {isa = PBXFileReference; fileEncoding = 4; lastKnownFileType = sourcecode.swift; path = LocationSearchResultsViewController.swift; sourceTree = "<group>"; };
		D2B5F9B826E0F60B0031D700 /* LocationPickerViewController.swift */ = {isa = PBXFileReference; fileEncoding = 4; lastKnownFileType = sourcecode.swift; path = LocationPickerViewController.swift; sourceTree = "<group>"; };
		D2B5F9BA26E0F60B0031D700 /* SearchHistoryManager.swift */ = {isa = PBXFileReference; fileEncoding = 4; lastKnownFileType = sourcecode.swift; path = SearchHistoryManager.swift; sourceTree = "<group>"; };
		D2B5F9BC26E0F60B0031D700 /* Location.swift */ = {isa = PBXFileReference; fileEncoding = 4; lastKnownFileType = sourcecode.swift; path = Location.swift; sourceTree = "<group>"; };
		D2B5F9BD26E0F60B0031D700 /* Address.swift */ = {isa = PBXFileReference; fileEncoding = 4; lastKnownFileType = sourcecode.swift; path = Address.swift; sourceTree = "<group>"; };
		D2B5F9BF26E0F60B0031D700 /* PickerViewViewController.swift */ = {isa = PBXFileReference; fileEncoding = 4; lastKnownFileType = sourcecode.swift; path = PickerViewViewController.swift; sourceTree = "<group>"; };
		D2B5F9C126E0F60B0031D700 /* ContactsPickerViewController.swift */ = {isa = PBXFileReference; fileEncoding = 4; lastKnownFileType = sourcecode.swift; path = ContactsPickerViewController.swift; sourceTree = "<group>"; };
		D2B5F9C326E0F60B0031D700 /* Contacts.swift */ = {isa = PBXFileReference; fileEncoding = 4; lastKnownFileType = sourcecode.swift; path = Contacts.swift; sourceTree = "<group>"; };
		D2B5F9C526E0F60B0031D700 /* Contact.swift */ = {isa = PBXFileReference; fileEncoding = 4; lastKnownFileType = sourcecode.swift; path = Contact.swift; sourceTree = "<group>"; };
		D2B5F9C726E0F60B0031D700 /* ContactCell.swift */ = {isa = PBXFileReference; fileEncoding = 4; lastKnownFileType = sourcecode.swift; path = ContactCell.swift; sourceTree = "<group>"; };
		D2B5F9C926E0F60B0031D700 /* ColorPickerViewController.swift */ = {isa = PBXFileReference; fileEncoding = 4; lastKnownFileType = sourcecode.swift; path = ColorPickerViewController.swift; sourceTree = "<group>"; };
		D2B5F9CB26E0F60B0031D700 /* DatePickerViewController.swift */ = {isa = PBXFileReference; fileEncoding = 4; lastKnownFileType = sourcecode.swift; path = DatePickerViewController.swift; sourceTree = "<group>"; };
		D2B5F9CD26E0F60B0031D700 /* ImagePickerViewController.swift */ = {isa = PBXFileReference; fileEncoding = 4; lastKnownFileType = sourcecode.swift; path = ImagePickerViewController.swift; sourceTree = "<group>"; };
		D2B5F9CF26E0F60B0031D700 /* ItemWithImage.swift */ = {isa = PBXFileReference; fileEncoding = 4; lastKnownFileType = sourcecode.swift; path = ItemWithImage.swift; sourceTree = "<group>"; };
		D2B5F9D226E0F60B0031D700 /* PhotoLayout.swift */ = {isa = PBXFileReference; fileEncoding = 4; lastKnownFileType = sourcecode.swift; path = PhotoLayout.swift; sourceTree = "<group>"; };
		D2B5F9D326E0F60B0031D700 /* TelegramPickerViewController.swift */ = {isa = PBXFileReference; fileEncoding = 4; lastKnownFileType = sourcecode.swift; path = TelegramPickerViewController.swift; sourceTree = "<group>"; };
		D2B5F9D526E0F60B0031D700 /* ItemWithPhoto.swift */ = {isa = PBXFileReference; fileEncoding = 4; lastKnownFileType = sourcecode.swift; path = ItemWithPhoto.swift; sourceTree = "<group>"; };
		D2B5F9D626E0F60B0031D700 /* LikeButtonCell.swift */ = {isa = PBXFileReference; fileEncoding = 4; lastKnownFileType = sourcecode.swift; path = LikeButtonCell.swift; sourceTree = "<group>"; };
		D2B5F9D826E0F60B0031D700 /* Label.swift */ = {isa = PBXFileReference; fileEncoding = 4; lastKnownFileType = sourcecode.swift; path = Label.swift; sourceTree = "<group>"; };
		D2B5F9D926E0F60B0031D700 /* SegmentedControl.swift */ = {isa = PBXFileReference; fileEncoding = 4; lastKnownFileType = sourcecode.swift; path = SegmentedControl.swift; sourceTree = "<group>"; };
		D2B5F9DA26E0F60B0031D700 /* GradientSlider.swift */ = {isa = PBXFileReference; fileEncoding = 4; lastKnownFileType = sourcecode.swift; path = GradientSlider.swift; sourceTree = "<group>"; };
		D2B5F9DB26E0F60B0031D700 /* TextField.swift */ = {isa = PBXFileReference; fileEncoding = 4; lastKnownFileType = sourcecode.swift; path = TextField.swift; sourceTree = "<group>"; };
		D2B5F9DC26E0F60B0031D700 /* Button.swift */ = {isa = PBXFileReference; fileEncoding = 4; lastKnownFileType = sourcecode.swift; path = Button.swift; sourceTree = "<group>"; };
		D2B5FA1226E0F7730031D700 /* UserData+CoreDataClass.swift */ = {isa = PBXFileReference; fileEncoding = 4; lastKnownFileType = sourcecode.swift; path = "UserData+CoreDataClass.swift"; sourceTree = "<group>"; };
		D2B5FA1326E0F7730031D700 /* AnyFormUser+CoreDataClass.swift */ = {isa = PBXFileReference; fileEncoding = 4; lastKnownFileType = sourcecode.swift; path = "AnyFormUser+CoreDataClass.swift"; sourceTree = "<group>"; };
		D2B5FA1426E0F7730031D700 /* AnyFormUser+CoreDataProperties.swift */ = {isa = PBXFileReference; fileEncoding = 4; lastKnownFileType = sourcecode.swift; path = "AnyFormUser+CoreDataProperties.swift"; sourceTree = "<group>"; };
		D2B5FA1526E0F7730031D700 /* UserData+CoreDataProperties.swift */ = {isa = PBXFileReference; fileEncoding = 4; lastKnownFileType = sourcecode.swift; path = "UserData+CoreDataProperties.swift"; sourceTree = "<group>"; };
		E4CEEB25EC892A2EAECA5E23 /* Pods-AnyForm.release.xcconfig */ = {isa = PBXFileReference; includeInIndex = 1; lastKnownFileType = text.xcconfig; name = "Pods-AnyForm.release.xcconfig"; path = "Target Support Files/Pods-AnyForm/Pods-AnyForm.release.xcconfig"; sourceTree = "<group>"; };
		FA6A6FD14081D317631F6AD6 /* Pods_AnyForm.framework */ = {isa = PBXFileReference; explicitFileType = wrapper.framework; includeInIndex = 0; path = Pods_AnyForm.framework; sourceTree = BUILT_PRODUCTS_DIR; };
/* End PBXFileReference section */

/* Begin PBXFrameworksBuildPhase section */
		06785F9A26A374B500E565E2 /* Frameworks */ = {
			isa = PBXFrameworksBuildPhase;
			buildActionMask = 2147483647;
			files = (
				6E94A24D14A759F4AB9623CC /* Pods_AnyForm.framework in Frameworks */,
			);
			runOnlyForDeploymentPostprocessing = 0;
		};
/* End PBXFrameworksBuildPhase section */

/* Begin PBXGroup section */
		04D8AC29B45FE69CEA0652C9 /* Frameworks */ = {
			isa = PBXGroup;
			children = (
				FA6A6FD14081D317631F6AD6 /* Pods_AnyForm.framework */,
			);
			name = Frameworks;
			sourceTree = "<group>";
		};
		0617553926A86F3B0051B18D /* assets */ = {
			isa = PBXGroup;
			children = (
				061755C526B743490051B18D /* form101template.json */,
				0617557426ADCF8F0051B18D /* loantemplate.json */,
			);
			path = assets;
			sourceTree = "<group>";
		};
		0617557926AE1B6F0051B18D /* ui */ = {
			isa = PBXGroup;
			children = (
				0617558426AE20130051B18D /* designs */,
				0617557E26AE1F860051B18D /* FormDesign.swift */,
				0617558126AE1FE70051B18D /* FormUIComponents.swift */,
			);
			path = ui;
			sourceTree = "<group>";
		};
		0617558426AE20130051B18D /* designs */ = {
			isa = PBXGroup;
			children = (
				0617558626AE23D30051B18D /* FormElegantDesign.swift */,
				0617558B26AE2D5B0051B18D /* FormLightDesign.swift */,
				0617559126AE2F2A0051B18D /* FormProudDesign.swift */,
			);
			path = designs;
			sourceTree = "<group>";
		};
		061755A126B281C90051B18D /* coredata */ = {
			isa = PBXGroup;
			children = (
				D2B5FA1326E0F7730031D700 /* AnyFormUser+CoreDataClass.swift */,
				D2B5FA1426E0F7730031D700 /* AnyFormUser+CoreDataProperties.swift */,
				D2B5FA1226E0F7730031D700 /* UserData+CoreDataClass.swift */,
				D2B5FA1526E0F7730031D700 /* UserData+CoreDataProperties.swift */,
				061755AA26B282210051B18D /* CoreDataManager.swift */,
			);
			path = coredata;
			sourceTree = "<group>";
		};
		06785F9426A374B500E565E2 = {
			isa = PBXGroup;
			children = (
				06785F9F26A374B500E565E2 /* AnyForm */,
				06785F9E26A374B500E565E2 /* Products */,
				416FBC8299515227F8F05DFC /* Pods */,
				04D8AC29B45FE69CEA0652C9 /* Frameworks */,
			);
			sourceTree = "<group>";
		};
		06785F9E26A374B500E565E2 /* Products */ = {
			isa = PBXGroup;
			children = (
				06785F9D26A374B500E565E2 /* AnyForm.app */,
			);
			name = Products;
			sourceTree = "<group>";
		};
		06785F9F26A374B500E565E2 /* AnyForm */ = {
			isa = PBXGroup;
			children = (
				D2B5F98C26E0F60B0031D700 /* Source */,
				D235C93A26D41995002F459A /* AnyForm.xcdatamodeld */,
				061755A126B281C90051B18D /* coredata */,
				0617557226AD04390051B18D /* AnyForm.entitlements */,
				0617553926A86F3B0051B18D /* assets */,
				06785FC126A39EB200E565E2 /* views */,
				06785FCF26A3A8B300E565E2 /* controllers */,
				06CB067E26A47457005DFD49 /* forms */,
				06785FD426A3ADD900E565E2 /* utils */,
				06785FB826A374D900E565E2 /* datasource */,
				06785FA026A374B500E565E2 /* AppDelegate.swift */,
				0617552E26A86AD30051B18D /* Main.storyboard */,
				06785FA226A374B500E565E2 /* SceneDelegate.swift */,
				06785FAC26A374B900E565E2 /* Assets.xcassets */,
				06785FAE26A374B900E565E2 /* LaunchScreen.storyboard */,
				06785FB126A374B900E565E2 /* Info.plist */,
			);
			path = AnyForm;
			sourceTree = "<group>";
		};
		06785FB826A374D900E565E2 /* datasource */ = {
			isa = PBXGroup;
			children = (
				06785FBE26A377E900E565E2 /* Networking.swift */,
			);
			path = datasource;
			sourceTree = "<group>";
		};
		06785FC126A39EB200E565E2 /* views */ = {
			isa = PBXGroup;
			children = (
				0617556326AC36B30051B18D /* FormCollectionViewCell.swift */,
				0617556426AC36B40051B18D /* FormCollectionViewCell.xib */,
				06785FE026A3FD2B00E565E2 /* CheckBox.swift */,
				06785FC726A3A08F00E565E2 /* FormView.swift */,
				D269FF4A26D6D4A9004973DF /* Tube.swift */,
				D269FF4B26D6D4A9004973DF /* Tube.xib */,
				D2146ECB26DAC89A00645275 /* FormMenu.swift */,
			);
			path = views;
			sourceTree = "<group>";
		};
		06785FCF26A3A8B300E565E2 /* controllers */ = {
			isa = PBXGroup;
			children = (
				0617556826AC36BD0051B18D /* FormPickerViewController.swift */,
				0617556C26AC43370051B18D /* FormFieldsViewController.swift */,
				0617559E26B1DFE80051B18D /* SplashScreenViewController.swift */,
				061755BB26B49B270051B18D /* ProfileViewController.swift */,
				061755BE26B590500051B18D /* TabBarController.swift */,
				D245779326BB430C00C7FED8 /* AnyFormHelper.swift */,
				D2424F4D26DE07D50089A2E1 /* SignatureController.swift */,
			);
			path = controllers;
			sourceTree = "<group>";
		};
		06785FD426A3ADD900E565E2 /* utils */ = {
			isa = PBXGroup;
			children = (
				06CB069026A480FB005DFD49 /* Enums.swift */,
				06785FD126A3ADC300E565E2 /* Extensions.swift */,
				06785FE326A3FE3400E565E2 /* UIUtils.swift */,
				06CB068C26A47E06005DFD49 /* Strings.swift */,
				0617556F26AD01440051B18D /* WhatsAppShare.swift */,
			);
			path = utils;
			sourceTree = "<group>";
		};
		06CB067E26A47457005DFD49 /* forms */ = {
			isa = PBXGroup;
			children = (
				0617557926AE1B6F0051B18D /* ui */,
				06785FD726A3B58500E565E2 /* Form.swift */,
				06CB066C26A4673F005DFD49 /* FormFieldsHolder.swift */,
				0617554B26AA42AC0051B18D /* FormDecodable.swift */,
			);
			path = forms;
			sourceTree = "<group>";
		};
		416FBC8299515227F8F05DFC /* Pods */ = {
			isa = PBXGroup;
			children = (
				C757CB9D303CCAB83547AF27 /* Pods-AnyForm.debug.xcconfig */,
				E4CEEB25EC892A2EAECA5E23 /* Pods-AnyForm.release.xcconfig */,
			);
			path = Pods;
			sourceTree = "<group>";
		};
		D2B5F98C26E0F60B0031D700 /* Source */ = {
			isa = PBXGroup;
			children = (
				D2B5F98D26E0F60B0031D700 /* Extensions */,
				D2B5F99F26E0F60B0031D700 /* Viewers */,
				D2B5F9A326E0F60B0031D700 /* Pickers */,
				D2B5F9D726E0F60B0031D700 /* Views */,
			);
			path = Source;
			sourceTree = "<group>";
		};
		D2B5F98D26E0F60B0031D700 /* Extensions */ = {
			isa = PBXGroup;
			children = (
				D2B5F98E26E0F60B0031D700 /* Array+Extensions.swift */,
				D2B5F98F26E0F60B0031D700 /* UISegmentedControl+Extensions.swift */,
				D2B5F99026E0F60B0031D700 /* UIImageView+Extensions.swift */,
				D2B5F99126E0F60B0031D700 /* UIViewController+Extensions.swift */,
				D2B5F99226E0F60B0031D700 /* UIView+Extensions.swift */,
				D2B5F99326E0F60B0031D700 /* Date+Extension.swift */,
				D2B5F99426E0F60B0031D700 /* String+Extensions.swift */,
				D2B5F99526E0F60B0031D700 /* UITextView+Extensions.swift */,
				D2B5F99626E0F60B0031D700 /* UIColor+Extensions.swift */,
				D2B5F99726E0F60B0031D700 /* UIImage+Extensions.swift */,
				D2B5F99826E0F60B0031D700 /* UISearchBar+Extensions.swift */,
				D2B5F99926E0F60B0031D700 /* UIApplication+Extensions.swift */,
				D2B5F99A26E0F60B0031D700 /* UIAlertController+Extensions.swift */,
				D2B5F99B26E0F60B0031D700 /* Optional+Extensions.swift */,
				D2B5F99C26E0F60B0031D700 /* Common+Extensions.swift */,
				D2B5F99D26E0F60B0031D700 /* Locale+Extensions.swift */,
				D2B5F99E26E0F60B0031D700 /* UITextField+Extensions.swift */,
			);
			path = Extensions;
			sourceTree = "<group>";
		};
		D2B5F99F26E0F60B0031D700 /* Viewers */ = {
			isa = PBXGroup;
			children = (
				D2B5F9A026E0F60B0031D700 /* Models */,
				D2B5F9A226E0F60B0031D700 /* TextViewController.swift */,
			);
			path = Viewers;
			sourceTree = "<group>";
		};
		D2B5F9A026E0F60B0031D700 /* Models */ = {
			isa = PBXGroup;
			children = (
				D2B5F9A126E0F60B0031D700 /* AttributedTextBlock.swift */,
			);
			path = Models;
			sourceTree = "<group>";
		};
		D2B5F9A326E0F60B0031D700 /* Pickers */ = {
			isa = PBXGroup;
			children = (
				D2B5F9A426E0F60B0031D700 /* Locale */,
				D2B5F9AF26E0F60B0031D700 /* TextFields */,
				D2B5F9B226E0F60B0031D700 /* PhotoLibrary */,
				D2B5F9B626E0F60B0031D700 /* Location */,
				D2B5F9BE26E0F60B0031D700 /* PickerView */,
				D2B5F9C026E0F60B0031D700 /* Contacts */,
				D2B5F9C826E0F60B0031D700 /* Color */,
				D2B5F9CA26E0F60B0031D700 /* Date */,
				D2B5F9CC26E0F60B0031D700 /* Image */,
				D2B5F9D026E0F60B0031D700 /* Telegram */,
			);
			path = Pickers;
			sourceTree = "<group>";
		};
		D2B5F9A426E0F60B0031D700 /* Locale */ = {
			isa = PBXGroup;
			children = (
				D2B5F9A526E0F60B0031D700 /* Countries.bundle */,
				D2B5F9A626E0F60B0031D700 /* Managers */,
				D2B5F9A826E0F60B0031D700 /* Models */,
				D2B5F9AA26E0F60B0031D700 /* LocalePickerViewController.swift */,
				D2B5F9AB26E0F60B0031D700 /* Views */,
			);
			path = Locale;
			sourceTree = "<group>";
		};
		D2B5F9A626E0F60B0031D700 /* Managers */ = {
			isa = PBXGroup;
			children = (
				D2B5F9A726E0F60B0031D700 /* LocaleStore.swift */,
			);
			path = Managers;
			sourceTree = "<group>";
		};
		D2B5F9A826E0F60B0031D700 /* Models */ = {
			isa = PBXGroup;
			children = (
				D2B5F9A926E0F60B0031D700 /* LocaleInfo.swift */,
			);
			path = Models;
			sourceTree = "<group>";
		};
		D2B5F9AB26E0F60B0031D700 /* Views */ = {
			isa = PBXGroup;
			children = (
				D2B5F9AC26E0F60B0031D700 /* PhoneCodeCell.swift */,
				D2B5F9AD26E0F60B0031D700 /* CurrencyCell.swift */,
				D2B5F9AE26E0F60B0031D700 /* CountryCell.swift */,
			);
			path = Views;
			sourceTree = "<group>";
		};
		D2B5F9AF26E0F60B0031D700 /* TextFields */ = {
			isa = PBXGroup;
			children = (
				D2B5F9B026E0F60B0031D700 /* TwoTextFieldsViewController.swift */,
				D2B5F9B126E0F60B0031D700 /* OneTextFieldViewController.swift */,
			);
			path = TextFields;
			sourceTree = "<group>";
		};
		D2B5F9B226E0F60B0031D700 /* PhotoLibrary */ = {
			isa = PBXGroup;
			children = (
				D2B5F9B326E0F60B0031D700 /* Managers */,
				D2B5F9B526E0F60B0031D700 /* PhotoLibraryPickerViewController.swift */,
			);
			path = PhotoLibrary;
			sourceTree = "<group>";
		};
		D2B5F9B326E0F60B0031D700 /* Managers */ = {
			isa = PBXGroup;
			children = (
				D2B5F9B426E0F60B0031D700 /* Assets.swift */,
			);
			path = Managers;
			sourceTree = "<group>";
		};
		D2B5F9B626E0F60B0031D700 /* Location */ = {
			isa = PBXGroup;
			children = (
				D2B5F9B726E0F60B0031D700 /* LocationSearchResultsViewController.swift */,
				D2B5F9B826E0F60B0031D700 /* LocationPickerViewController.swift */,
				D2B5F9B926E0F60B0031D700 /* Managers */,
				D2B5F9BB26E0F60B0031D700 /* Models */,
			);
			path = Location;
			sourceTree = "<group>";
		};
		D2B5F9B926E0F60B0031D700 /* Managers */ = {
			isa = PBXGroup;
			children = (
				D2B5F9BA26E0F60B0031D700 /* SearchHistoryManager.swift */,
			);
			path = Managers;
			sourceTree = "<group>";
		};
		D2B5F9BB26E0F60B0031D700 /* Models */ = {
			isa = PBXGroup;
			children = (
				D2B5F9BC26E0F60B0031D700 /* Location.swift */,
				D2B5F9BD26E0F60B0031D700 /* Address.swift */,
			);
			path = Models;
			sourceTree = "<group>";
		};
		D2B5F9BE26E0F60B0031D700 /* PickerView */ = {
			isa = PBXGroup;
			children = (
				D2B5F9BF26E0F60B0031D700 /* PickerViewViewController.swift */,
			);
			path = PickerView;
			sourceTree = "<group>";
		};
		D2B5F9C026E0F60B0031D700 /* Contacts */ = {
			isa = PBXGroup;
			children = (
				D2B5F9C126E0F60B0031D700 /* ContactsPickerViewController.swift */,
				D2B5F9C226E0F60B0031D700 /* Managers */,
				D2B5F9C426E0F60B0031D700 /* Models */,
				D2B5F9C626E0F60B0031D700 /* Views */,
			);
			path = Contacts;
			sourceTree = "<group>";
		};
		D2B5F9C226E0F60B0031D700 /* Managers */ = {
			isa = PBXGroup;
			children = (
				D2B5F9C326E0F60B0031D700 /* Contacts.swift */,
			);
			path = Managers;
			sourceTree = "<group>";
		};
		D2B5F9C426E0F60B0031D700 /* Models */ = {
			isa = PBXGroup;
			children = (
				D2B5F9C526E0F60B0031D700 /* Contact.swift */,
			);
			path = Models;
			sourceTree = "<group>";
		};
		D2B5F9C626E0F60B0031D700 /* Views */ = {
			isa = PBXGroup;
			children = (
				D2B5F9C726E0F60B0031D700 /* ContactCell.swift */,
			);
			path = Views;
			sourceTree = "<group>";
		};
		D2B5F9C826E0F60B0031D700 /* Color */ = {
			isa = PBXGroup;
			children = (
				D2B5F9C926E0F60B0031D700 /* ColorPickerViewController.swift */,
			);
			path = Color;
			sourceTree = "<group>";
		};
		D2B5F9CA26E0F60B0031D700 /* Date */ = {
			isa = PBXGroup;
			children = (
				D2B5F9CB26E0F60B0031D700 /* DatePickerViewController.swift */,
			);
			path = Date;
			sourceTree = "<group>";
		};
		D2B5F9CC26E0F60B0031D700 /* Image */ = {
			isa = PBXGroup;
			children = (
				D2B5F9CD26E0F60B0031D700 /* ImagePickerViewController.swift */,
				D2B5F9CE26E0F60B0031D700 /* Views */,
			);
			path = Image;
			sourceTree = "<group>";
		};
		D2B5F9CE26E0F60B0031D700 /* Views */ = {
			isa = PBXGroup;
			children = (
				D2B5F9CF26E0F60B0031D700 /* ItemWithImage.swift */,
			);
			path = Views;
			sourceTree = "<group>";
		};
		D2B5F9D026E0F60B0031D700 /* Telegram */ = {
			isa = PBXGroup;
			children = (
				D2B5F9D126E0F60B0031D700 /* Layouts */,
				D2B5F9D326E0F60B0031D700 /* TelegramPickerViewController.swift */,
				D2B5F9D426E0F60B0031D700 /* Views */,
			);
			path = Telegram;
			sourceTree = "<group>";
		};
		D2B5F9D126E0F60B0031D700 /* Layouts */ = {
			isa = PBXGroup;
			children = (
				D2B5F9D226E0F60B0031D700 /* PhotoLayout.swift */,
			);
			path = Layouts;
			sourceTree = "<group>";
		};
		D2B5F9D426E0F60B0031D700 /* Views */ = {
			isa = PBXGroup;
			children = (
				D2B5F9D526E0F60B0031D700 /* ItemWithPhoto.swift */,
				D2B5F9D626E0F60B0031D700 /* LikeButtonCell.swift */,
			);
			path = Views;
			sourceTree = "<group>";
		};
		D2B5F9D726E0F60B0031D700 /* Views */ = {
			isa = PBXGroup;
			children = (
				D2B5F9D826E0F60B0031D700 /* Label.swift */,
				D2B5F9D926E0F60B0031D700 /* SegmentedControl.swift */,
				D2B5F9DA26E0F60B0031D700 /* GradientSlider.swift */,
				D2B5F9DB26E0F60B0031D700 /* TextField.swift */,
				D2B5F9DC26E0F60B0031D700 /* Button.swift */,
			);
			path = Views;
			sourceTree = "<group>";
		};
/* End PBXGroup section */

/* Begin PBXNativeTarget section */
		06785F9C26A374B500E565E2 /* AnyForm */ = {
			isa = PBXNativeTarget;
			buildConfigurationList = 06785FB426A374B900E565E2 /* Build configuration list for PBXNativeTarget "AnyForm" */;
			buildPhases = (
				57DF79DDE234271A0FEB22FA /* [CP] Check Pods Manifest.lock */,
				06785F9926A374B500E565E2 /* Sources */,
				06785F9A26A374B500E565E2 /* Frameworks */,
				06785F9B26A374B500E565E2 /* Resources */,
				CDC5EAF0DD3C2ECA11A14C13 /* [CP] Embed Pods Frameworks */,
			);
			buildRules = (
			);
			dependencies = (
			);
			name = AnyForm;
			productName = AnyForm;
			productReference = 06785F9D26A374B500E565E2 /* AnyForm.app */;
			productType = "com.apple.product-type.application";
		};
/* End PBXNativeTarget section */

/* Begin PBXProject section */
		06785F9526A374B500E565E2 /* Project object */ = {
			isa = PBXProject;
			attributes = {
				LastSwiftUpdateCheck = 1230;
				LastUpgradeCheck = 1230;
				TargetAttributes = {
					06785F9C26A374B500E565E2 = {
						CreatedOnToolsVersion = 12.3;
					};
				};
			};
			buildConfigurationList = 06785F9826A374B500E565E2 /* Build configuration list for PBXProject "AnyForm" */;
			compatibilityVersion = "Xcode 9.3";
			developmentRegion = en;
			hasScannedForEncodings = 0;
			knownRegions = (
				en,
				Base,
			);
			mainGroup = 06785F9426A374B500E565E2;
			productRefGroup = 06785F9E26A374B500E565E2 /* Products */;
			projectDirPath = "";
			projectRoot = "";
			targets = (
				06785F9C26A374B500E565E2 /* AnyForm */,
			);
		};
/* End PBXProject section */

/* Begin PBXResourcesBuildPhase section */
		06785F9B26A374B500E565E2 /* Resources */ = {
			isa = PBXResourcesBuildPhase;
			buildActionMask = 2147483647;
			files = (
				061755C626B743490051B18D /* form101template.json in Resources */,
				D269FF4D26D6D4A9004973DF /* Tube.xib in Resources */,
				0617552F26A86AD30051B18D /* Main.storyboard in Resources */,
				0617557526ADCF8F0051B18D /* loantemplate.json in Resources */,
				D2B5F9F026E0F60B0031D700 /* Countries.bundle in Resources */,
				06785FB026A374B900E565E2 /* LaunchScreen.storyboard in Resources */,
				06785FAD26A374B900E565E2 /* Assets.xcassets in Resources */,
				0617556626AC36B40051B18D /* FormCollectionViewCell.xib in Resources */,
			);
			runOnlyForDeploymentPostprocessing = 0;
		};
/* End PBXResourcesBuildPhase section */

/* Begin PBXShellScriptBuildPhase section */
		57DF79DDE234271A0FEB22FA /* [CP] Check Pods Manifest.lock */ = {
			isa = PBXShellScriptBuildPhase;
			buildActionMask = 2147483647;
			files = (
			);
			inputFileListPaths = (
			);
			inputPaths = (
				"${PODS_PODFILE_DIR_PATH}/Podfile.lock",
				"${PODS_ROOT}/Manifest.lock",
			);
			name = "[CP] Check Pods Manifest.lock";
			outputFileListPaths = (
			);
			outputPaths = (
				"$(DERIVED_FILE_DIR)/Pods-AnyForm-checkManifestLockResult.txt",
			);
			runOnlyForDeploymentPostprocessing = 0;
			shellPath = /bin/sh;
			shellScript = "diff \"${PODS_PODFILE_DIR_PATH}/Podfile.lock\" \"${PODS_ROOT}/Manifest.lock\" > /dev/null\nif [ $? != 0 ] ; then\n    # print error to STDERR\n    echo \"error: The sandbox is not in sync with the Podfile.lock. Run 'pod install' or update your CocoaPods installation.\" >&2\n    exit 1\nfi\n# This output is used by Xcode 'outputs' to avoid re-running this script phase.\necho \"SUCCESS\" > \"${SCRIPT_OUTPUT_FILE_0}\"\n";
			showEnvVarsInLog = 0;
		};
		CDC5EAF0DD3C2ECA11A14C13 /* [CP] Embed Pods Frameworks */ = {
			isa = PBXShellScriptBuildPhase;
			buildActionMask = 2147483647;
			files = (
			);
			inputFileListPaths = (
				"${PODS_ROOT}/Target Support Files/Pods-AnyForm/Pods-AnyForm-frameworks-${CONFIGURATION}-input-files.xcfilelist",
			);
			name = "[CP] Embed Pods Frameworks";
			outputFileListPaths = (
				"${PODS_ROOT}/Target Support Files/Pods-AnyForm/Pods-AnyForm-frameworks-${CONFIGURATION}-output-files.xcfilelist",
			);
			runOnlyForDeploymentPostprocessing = 0;
			shellPath = /bin/sh;
			shellScript = "\"${PODS_ROOT}/Target Support Files/Pods-AnyForm/Pods-AnyForm-frameworks.sh\"\n";
			showEnvVarsInLog = 0;
		};
/* End PBXShellScriptBuildPhase section */

/* Begin PBXSourcesBuildPhase section */
		06785F9926A374B500E565E2 /* Sources */ = {
			isa = PBXSourcesBuildPhase;
			buildActionMask = 2147483647;
			files = (
				D2B5FA0726E0F60B0031D700 /* ImagePickerViewController.swift in Sources */,
				D2B5F9E826E0F60B0031D700 /* UIApplication+Extensions.swift in Sources */,
				D2B5F9E126E0F60B0031D700 /* UIView+Extensions.swift in Sources */,
				D2B5F9E426E0F60B0031D700 /* UITextView+Extensions.swift in Sources */,
				D2B5F9FC26E0F60B0031D700 /* LocationPickerViewController.swift in Sources */,
				D2B5F9F426E0F60B0031D700 /* PhoneCodeCell.swift in Sources */,
				0617557F26AE1F860051B18D /* FormDesign.swift in Sources */,
				D245779426BB430C00C7FED8 /* AnyFormHelper.swift in Sources */,
				D2B5F9F926E0F60B0031D700 /* Assets.swift in Sources */,
				D2B5F9F126E0F60B0031D700 /* LocaleStore.swift in Sources */,
				D2B5F9F826E0F60B0031D700 /* OneTextFieldViewController.swift in Sources */,
				061755BF26B590510051B18D /* TabBarController.swift in Sources */,
				D2B5FA0626E0F60B0031D700 /* DatePickerViewController.swift in Sources */,
				0617559F26B1DFE80051B18D /* SplashScreenViewController.swift in Sources */,
				D2B5F9F326E0F60B0031D700 /* LocalePickerViewController.swift in Sources */,
				D2B5FA0926E0F60B0031D700 /* PhotoLayout.swift in Sources */,
				0617558C26AE2D5B0051B18D /* FormLightDesign.swift in Sources */,
				06CB069126A480FB005DFD49 /* Enums.swift in Sources */,
				D2B5F9EA26E0F60B0031D700 /* Optional+Extensions.swift in Sources */,
				D2B5F9FA26E0F60B0031D700 /* PhotoLibraryPickerViewController.swift in Sources */,
				06785FD226A3ADC300E565E2 /* Extensions.swift in Sources */,
				D2B5F9E326E0F60B0031D700 /* String+Extensions.swift in Sources */,
				0617558726AE23D30051B18D /* FormElegantDesign.swift in Sources */,
				06785FE426A3FE3400E565E2 /* UIUtils.swift in Sources */,
				06785FE126A3FD2B00E565E2 /* CheckBox.swift in Sources */,
				06785FBF26A377E900E565E2 /* Networking.swift in Sources */,
				D2B5FA0326E0F60B0031D700 /* Contact.swift in Sources */,
				D2B5FA0426E0F60B0031D700 /* ContactCell.swift in Sources */,
				D2B5FA0E26E0F60B0031D700 /* SegmentedControl.swift in Sources */,
				D2B5FA0C26E0F60B0031D700 /* LikeButtonCell.swift in Sources */,
				D2B5FA1126E0F60B0031D700 /* Button.swift in Sources */,
				0617556926AC36BD0051B18D /* FormPickerViewController.swift in Sources */,
				D2B5FA1626E0F7730031D700 /* UserData+CoreDataClass.swift in Sources */,
				061755BC26B49B270051B18D /* ProfileViewController.swift in Sources */,
				D2B5F9DD26E0F60B0031D700 /* Array+Extensions.swift in Sources */,
				D2B5FA0F26E0F60B0031D700 /* GradientSlider.swift in Sources */,
				D2B5FA0126E0F60B0031D700 /* ContactsPickerViewController.swift in Sources */,
				D2B5F9E526E0F60B0031D700 /* UIColor+Extensions.swift in Sources */,
				06785FD826A3B58500E565E2 /* Form.swift in Sources */,
				0617558226AE1FE70051B18D /* FormUIComponents.swift in Sources */,
				D2B5F9DE26E0F60B0031D700 /* UISegmentedControl+Extensions.swift in Sources */,
				D2B5F9F726E0F60B0031D700 /* TwoTextFieldsViewController.swift in Sources */,
				06CB068D26A47E06005DFD49 /* Strings.swift in Sources */,
				D2B5FA0B26E0F60B0031D700 /* ItemWithPhoto.swift in Sources */,
				06785FA126A374B500E565E2 /* AppDelegate.swift in Sources */,
				D2B5F9EC26E0F60B0031D700 /* Locale+Extensions.swift in Sources */,
				D2B5F9F226E0F60B0031D700 /* LocaleInfo.swift in Sources */,
				D2B5FA0826E0F60B0031D700 /* ItemWithImage.swift in Sources */,
				D2B5FA0D26E0F60B0031D700 /* Label.swift in Sources */,
				D2B5F9E726E0F60B0031D700 /* UISearchBar+Extensions.swift in Sources */,
				06785FC826A3A08F00E565E2 /* FormView.swift in Sources */,
				D2B5F9E926E0F60B0031D700 /* UIAlertController+Extensions.swift in Sources */,
				0617559226AE2F2A0051B18D /* FormProudDesign.swift in Sources */,
				D2B5F9F526E0F60B0031D700 /* CurrencyCell.swift in Sources */,
				D2B5F9E226E0F60B0031D700 /* Date+Extension.swift in Sources */,
				D2B5FA1726E0F7730031D700 /* AnyFormUser+CoreDataClass.swift in Sources */,
				0617556526AC36B40051B18D /* FormCollectionViewCell.swift in Sources */,
				D269FF4C26D6D4A9004973DF /* Tube.swift in Sources */,
				D2B5F9FF26E0F60B0031D700 /* Address.swift in Sources */,
				D2B5F9FB26E0F60B0031D700 /* LocationSearchResultsViewController.swift in Sources */,
				D2B5F9FD26E0F60B0031D700 /* SearchHistoryManager.swift in Sources */,
				0617556D26AC43370051B18D /* FormFieldsViewController.swift in Sources */,
				D2B5F9F626E0F60B0031D700 /* CountryCell.swift in Sources */,
				0617554C26AA42AD0051B18D /* FormDecodable.swift in Sources */,
				D2B5F9E026E0F60B0031D700 /* UIViewController+Extensions.swift in Sources */,
				D2B5FA1026E0F60B0031D700 /* TextField.swift in Sources */,
				D2B5F9DF26E0F60B0031D700 /* UIImageView+Extensions.swift in Sources */,
				D2B5FA1826E0F7730031D700 /* AnyFormUser+CoreDataProperties.swift in Sources */,
				D2B5FA0526E0F60B0031D700 /* ColorPickerViewController.swift in Sources */,
				D2B5F9EB26E0F60B0031D700 /* Common+Extensions.swift in Sources */,
				06CB066D26A4673F005DFD49 /* FormFieldsHolder.swift in Sources */,
				D2B5F9E626E0F60B0031D700 /* UIImage+Extensions.swift in Sources */,
				D2B5F9EF26E0F60B0031D700 /* TextViewController.swift in Sources */,
				D235C93C26D41995002F459A /* AnyForm.xcdatamodeld in Sources */,
				D2B5F9FE26E0F60B0031D700 /* Location.swift in Sources */,
				D2B5FA1926E0F7730031D700 /* UserData+CoreDataProperties.swift in Sources */,
				D2424F4E26DE07D50089A2E1 /* SignatureController.swift in Sources */,
				D2B5FA0A26E0F60B0031D700 /* TelegramPickerViewController.swift in Sources */,
				D2B5FA0026E0F60B0031D700 /* PickerViewViewController.swift in Sources */,
				0617557026AD01440051B18D /* WhatsAppShare.swift in Sources */,
				D2146ECC26DAC89A00645275 /* FormMenu.swift in Sources */,
				D2B5F9EE26E0F60B0031D700 /* AttributedTextBlock.swift in Sources */,
				D2B5F9ED26E0F60B0031D700 /* UITextField+Extensions.swift in Sources */,
				061755AB26B282210051B18D /* CoreDataManager.swift in Sources */,
				D2B5FA0226E0F60B0031D700 /* Contacts.swift in Sources */,
				06785FA326A374B500E565E2 /* SceneDelegate.swift in Sources */,
			);
			runOnlyForDeploymentPostprocessing = 0;
		};
/* End PBXSourcesBuildPhase section */

/* Begin PBXVariantGroup section */
		06785FAE26A374B900E565E2 /* LaunchScreen.storyboard */ = {
			isa = PBXVariantGroup;
			children = (
				06785FAF26A374B900E565E2 /* Base */,
			);
			name = LaunchScreen.storyboard;
			sourceTree = "<group>";
		};
/* End PBXVariantGroup section */

/* Begin XCBuildConfiguration section */
		06785FB226A374B900E565E2 /* Debug */ = {
			isa = XCBuildConfiguration;
			buildSettings = {
				ALWAYS_SEARCH_USER_PATHS = NO;
				CLANG_ANALYZER_NONNULL = YES;
				CLANG_ANALYZER_NUMBER_OBJECT_CONVERSION = YES_AGGRESSIVE;
				CLANG_CXX_LANGUAGE_STANDARD = "gnu++14";
				CLANG_CXX_LIBRARY = "libc++";
				CLANG_ENABLE_MODULES = YES;
				CLANG_ENABLE_OBJC_ARC = YES;
				CLANG_ENABLE_OBJC_WEAK = YES;
				CLANG_WARN_BLOCK_CAPTURE_AUTORELEASING = YES;
				CLANG_WARN_BOOL_CONVERSION = YES;
				CLANG_WARN_COMMA = YES;
				CLANG_WARN_CONSTANT_CONVERSION = YES;
				CLANG_WARN_DEPRECATED_OBJC_IMPLEMENTATIONS = YES;
				CLANG_WARN_DIRECT_OBJC_ISA_USAGE = YES_ERROR;
				CLANG_WARN_DOCUMENTATION_COMMENTS = YES;
				CLANG_WARN_EMPTY_BODY = YES;
				CLANG_WARN_ENUM_CONVERSION = YES;
				CLANG_WARN_INFINITE_RECURSION = YES;
				CLANG_WARN_INT_CONVERSION = YES;
				CLANG_WARN_NON_LITERAL_NULL_CONVERSION = YES;
				CLANG_WARN_OBJC_IMPLICIT_RETAIN_SELF = YES;
				CLANG_WARN_OBJC_LITERAL_CONVERSION = YES;
				CLANG_WARN_OBJC_ROOT_CLASS = YES_ERROR;
				CLANG_WARN_QUOTED_INCLUDE_IN_FRAMEWORK_HEADER = YES;
				CLANG_WARN_RANGE_LOOP_ANALYSIS = YES;
				CLANG_WARN_STRICT_PROTOTYPES = YES;
				CLANG_WARN_SUSPICIOUS_MOVE = YES;
				CLANG_WARN_UNGUARDED_AVAILABILITY = YES_AGGRESSIVE;
				CLANG_WARN_UNREACHABLE_CODE = YES;
				CLANG_WARN__DUPLICATE_METHOD_MATCH = YES;
				COPY_PHASE_STRIP = NO;
				DEBUG_INFORMATION_FORMAT = dwarf;
				ENABLE_STRICT_OBJC_MSGSEND = YES;
				ENABLE_TESTABILITY = YES;
				GCC_C_LANGUAGE_STANDARD = gnu11;
				GCC_DYNAMIC_NO_PIC = NO;
				GCC_NO_COMMON_BLOCKS = YES;
				GCC_OPTIMIZATION_LEVEL = 0;
				GCC_PREPROCESSOR_DEFINITIONS = (
					"DEBUG=1",
					"$(inherited)",
				);
				GCC_WARN_64_TO_32_BIT_CONVERSION = YES;
				GCC_WARN_ABOUT_RETURN_TYPE = YES_ERROR;
				GCC_WARN_UNDECLARED_SELECTOR = YES;
				GCC_WARN_UNINITIALIZED_AUTOS = YES_AGGRESSIVE;
				GCC_WARN_UNUSED_FUNCTION = YES;
				GCC_WARN_UNUSED_VARIABLE = YES;
				IPHONEOS_DEPLOYMENT_TARGET = 14.3;
				MTL_ENABLE_DEBUG_INFO = INCLUDE_SOURCE;
				MTL_FAST_MATH = YES;
				ONLY_ACTIVE_ARCH = YES;
				SDKROOT = iphoneos;
				SWIFT_ACTIVE_COMPILATION_CONDITIONS = DEBUG;
				SWIFT_OPTIMIZATION_LEVEL = "-Onone";
			};
			name = Debug;
		};
		06785FB326A374B900E565E2 /* Release */ = {
			isa = XCBuildConfiguration;
			buildSettings = {
				ALWAYS_SEARCH_USER_PATHS = NO;
				CLANG_ANALYZER_NONNULL = YES;
				CLANG_ANALYZER_NUMBER_OBJECT_CONVERSION = YES_AGGRESSIVE;
				CLANG_CXX_LANGUAGE_STANDARD = "gnu++14";
				CLANG_CXX_LIBRARY = "libc++";
				CLANG_ENABLE_MODULES = YES;
				CLANG_ENABLE_OBJC_ARC = YES;
				CLANG_ENABLE_OBJC_WEAK = YES;
				CLANG_WARN_BLOCK_CAPTURE_AUTORELEASING = YES;
				CLANG_WARN_BOOL_CONVERSION = YES;
				CLANG_WARN_COMMA = YES;
				CLANG_WARN_CONSTANT_CONVERSION = YES;
				CLANG_WARN_DEPRECATED_OBJC_IMPLEMENTATIONS = YES;
				CLANG_WARN_DIRECT_OBJC_ISA_USAGE = YES_ERROR;
				CLANG_WARN_DOCUMENTATION_COMMENTS = YES;
				CLANG_WARN_EMPTY_BODY = YES;
				CLANG_WARN_ENUM_CONVERSION = YES;
				CLANG_WARN_INFINITE_RECURSION = YES;
				CLANG_WARN_INT_CONVERSION = YES;
				CLANG_WARN_NON_LITERAL_NULL_CONVERSION = YES;
				CLANG_WARN_OBJC_IMPLICIT_RETAIN_SELF = YES;
				CLANG_WARN_OBJC_LITERAL_CONVERSION = YES;
				CLANG_WARN_OBJC_ROOT_CLASS = YES_ERROR;
				CLANG_WARN_QUOTED_INCLUDE_IN_FRAMEWORK_HEADER = YES;
				CLANG_WARN_RANGE_LOOP_ANALYSIS = YES;
				CLANG_WARN_STRICT_PROTOTYPES = YES;
				CLANG_WARN_SUSPICIOUS_MOVE = YES;
				CLANG_WARN_UNGUARDED_AVAILABILITY = YES_AGGRESSIVE;
				CLANG_WARN_UNREACHABLE_CODE = YES;
				CLANG_WARN__DUPLICATE_METHOD_MATCH = YES;
				COPY_PHASE_STRIP = NO;
				DEBUG_INFORMATION_FORMAT = "dwarf-with-dsym";
				ENABLE_NS_ASSERTIONS = NO;
				ENABLE_STRICT_OBJC_MSGSEND = YES;
				GCC_C_LANGUAGE_STANDARD = gnu11;
				GCC_NO_COMMON_BLOCKS = YES;
				GCC_WARN_64_TO_32_BIT_CONVERSION = YES;
				GCC_WARN_ABOUT_RETURN_TYPE = YES_ERROR;
				GCC_WARN_UNDECLARED_SELECTOR = YES;
				GCC_WARN_UNINITIALIZED_AUTOS = YES_AGGRESSIVE;
				GCC_WARN_UNUSED_FUNCTION = YES;
				GCC_WARN_UNUSED_VARIABLE = YES;
				IPHONEOS_DEPLOYMENT_TARGET = 14.3;
				MTL_ENABLE_DEBUG_INFO = NO;
				MTL_FAST_MATH = YES;
				SDKROOT = iphoneos;
				SWIFT_COMPILATION_MODE = wholemodule;
				SWIFT_OPTIMIZATION_LEVEL = "-O";
				VALIDATE_PRODUCT = YES;
			};
			name = Release;
		};
		06785FB526A374B900E565E2 /* Debug */ = {
			isa = XCBuildConfiguration;
			baseConfigurationReference = C757CB9D303CCAB83547AF27 /* Pods-AnyForm.debug.xcconfig */;
			buildSettings = {
				ASSETCATALOG_COMPILER_APPICON_NAME = AppIcon;
				ASSETCATALOG_COMPILER_GLOBAL_ACCENT_COLOR_NAME = AccentColor;
				CODE_SIGN_ENTITLEMENTS = AnyForm/AnyForm.entitlements;
				CODE_SIGN_STYLE = Automatic;
				DEVELOPMENT_TEAM = DGLNNPN798;
				INFOPLIST_FILE = AnyForm/Info.plist;
				LD_RUNPATH_SEARCH_PATHS = (
					"$(inherited)",
					"@executable_path/Frameworks",
				);
				PRODUCT_BUNDLE_IDENTIFIER = "Nadav-Avnon.AnyForm";
				PRODUCT_NAME = "$(TARGET_NAME)";
				SWIFT_VERSION = 5.0;
				TARGETED_DEVICE_FAMILY = "1,2";
			};
			name = Debug;
		};
		06785FB626A374B900E565E2 /* Release */ = {
			isa = XCBuildConfiguration;
			baseConfigurationReference = E4CEEB25EC892A2EAECA5E23 /* Pods-AnyForm.release.xcconfig */;
			buildSettings = {
				ASSETCATALOG_COMPILER_APPICON_NAME = AppIcon;
				ASSETCATALOG_COMPILER_GLOBAL_ACCENT_COLOR_NAME = AccentColor;
				CODE_SIGN_ENTITLEMENTS = AnyForm/AnyForm.entitlements;
				CODE_SIGN_STYLE = Automatic;
				DEVELOPMENT_TEAM = DGLNNPN798;
				INFOPLIST_FILE = AnyForm/Info.plist;
				LD_RUNPATH_SEARCH_PATHS = (
					"$(inherited)",
					"@executable_path/Frameworks",
				);
				PRODUCT_BUNDLE_IDENTIFIER = "Nadav-Avnon.AnyForm";
				PRODUCT_NAME = "$(TARGET_NAME)";
				SWIFT_VERSION = 5.0;
				TARGETED_DEVICE_FAMILY = "1,2";
			};
			name = Release;
		};
/* End XCBuildConfiguration section */

/* Begin XCConfigurationList section */
		06785F9826A374B500E565E2 /* Build configuration list for PBXProject "AnyForm" */ = {
			isa = XCConfigurationList;
			buildConfigurations = (
				06785FB226A374B900E565E2 /* Debug */,
				06785FB326A374B900E565E2 /* Release */,
			);
			defaultConfigurationIsVisible = 0;
			defaultConfigurationName = Release;
		};
		06785FB426A374B900E565E2 /* Build configuration list for PBXNativeTarget "AnyForm" */ = {
			isa = XCConfigurationList;
			buildConfigurations = (
				06785FB526A374B900E565E2 /* Debug */,
				06785FB626A374B900E565E2 /* Release */,
			);
			defaultConfigurationIsVisible = 0;
			defaultConfigurationName = Release;
		};
/* End XCConfigurationList section */

/* Begin XCVersionGroup section */
		D235C93A26D41995002F459A /* AnyForm.xcdatamodeld */ = {
			isa = XCVersionGroup;
			children = (
				D235C93B26D41995002F459A /* AnyForm.xcdatamodel */,
			);
			currentVersion = D235C93B26D41995002F459A /* AnyForm.xcdatamodel */;
			path = AnyForm.xcdatamodeld;
			sourceTree = "<group>";
			versionGroupType = wrapper.xcdatamodel;
		};
/* End XCVersionGroup section */
	};
	rootObject = 06785F9526A374B500E565E2 /* Project object */;
}
